
Microsoft Visual Studio Solution File, Format Version 12.00
# Visual Studio Version 17
VisualStudioVersion = 17.6.33829.357
MinimumVisualStudioVersion = 10.0.40219.1
Project("{00D1A9C2-B5F0-4AF3-8072-F6C62B433612}") = "GlobalDataWarehouse", "GlobalDataWarehouse.sqlproj", "{0500CB4B-80E6-46D3-8E66-AE15A56F799C}"
EndProject
Global
	GlobalSection(SolutionConfigurationPlatforms) = preSolution
		Debug|Any CPU = Debug|Any CPU
		Release|Any CPU = Release|Any CPU
	EndGlobalSection
	GlobalSection(ProjectConfigurationPlatforms) = postSolution
		{0500CB4B-80E6-46D3-8E66-AE15A56F799C}.Debug|Any CPU.ActiveCfg = Debug|Any CPU
		{0500CB4B-80E6-46D3-8E66-AE15A56F799C}.Debug|Any CPU.Build.0 = Debug|Any CPU
		{0500CB4B-80E6-46D3-8E66-AE15A56F799C}.Debug|Any CPU.Deploy.0 = Debug|Any CPU
		{0500CB4B-80E6-46D3-8E66-AE15A56F799C}.Release|Any CPU.ActiveCfg = Release|Any CPU
		{0500CB4B-80E6-46D3-8E66-AE15A56F799C}.Release|Any CPU.Build.0 = Release|Any CPU
		{0500CB4B-80E6-46D3-8E66-AE15A56F799C}.Release|Any CPU.Deploy.0 = Release|Any CPU
	EndGlobalSection
	GlobalSection(SolutionProperties) = preSolution
		HideSolutionNode = FALSE
	EndGlobalSection
	GlobalSection(ExtensibilityGlobals) = postSolution
		SolutionGuid = {DD00C9E3-3678-4499-8B83-ABD41DAA23C5}
	EndGlobalSection
EndGlobal
