
Microsoft Visual Studio Solution File, Format Version 12.00
# Visual Studio Version 17
VisualStudioVersion = 17.6.33801.468
MinimumVisualStudioVersion = 10.0.40219.1
Project("{00D1A9C2-B5F0-4AF3-8072-F6C62B433612}") = "PSIReporting", "PSIReporting.sqlproj", "{5291DCFE-4BFE-4D5B-8935-BF5332621248}"
EndProject
Project("{00D1A9C2-B5F0-4AF3-8072-F6C62B433612}") = "PSI_DW", "..\PSI_DW\PSI_DW.sqlproj", "{D7641B63-F433-40CA-9FFD-9D707CC7782C}"
EndProject
Global
	GlobalSection(SolutionConfigurationPlatforms) = preSolution
		Debug|Any CPU = Debug|Any CPU
		Release|Any CPU = Release|Any CPU
	EndGlobalSection
	GlobalSection(ProjectConfigurationPlatforms) = postSolution
		{5291DCFE-4BFE-4D5B-8935-BF5332621248}.Debug|Any CPU.ActiveCfg = Debug|Any CPU
		{5291DCFE-4BFE-4D5B-8935-BF5332621248}.Debug|Any CPU.Build.0 = Debug|Any CPU
		{5291DCFE-4BFE-4D5B-8935-BF5332621248}.Debug|Any CPU.Deploy.0 = Debug|Any CPU
		{5291DCFE-4BFE-4D5B-8935-BF5332621248}.Release|Any CPU.ActiveCfg = Release|Any CPU
		{5291DCFE-4BFE-4D5B-8935-BF5332621248}.Release|Any CPU.Build.0 = Release|Any CPU
		{5291DCFE-4BFE-4D5B-8935-BF5332621248}.Release|Any CPU.Deploy.0 = Release|Any CPU
		{D7641B63-F433-40CA-9FFD-9D707CC7782C}.Debug|Any CPU.ActiveCfg = Debug|Any CPU
		{D7641B63-F433-40CA-9FFD-9D707CC7782C}.Debug|Any CPU.Build.0 = Debug|Any CPU
		{D7641B63-F433-40CA-9FFD-9D707CC7782C}.Debug|Any CPU.Deploy.0 = Debug|Any CPU
		{D7641B63-F433-40CA-9FFD-9D707CC7782C}.Release|Any CPU.ActiveCfg = Release|Any CPU
		{D7641B63-F433-40CA-9FFD-9D707CC7782C}.Release|Any CPU.Build.0 = Release|Any CPU
		{D7641B63-F433-40CA-9FFD-9D707CC7782C}.Release|Any CPU.Deploy.0 = Release|Any CPU
	EndGlobalSection
	GlobalSection(SolutionProperties) = preSolution
		HideSolutionNode = FALSE
	EndGlobalSection
	GlobalSection(ExtensibilityGlobals) = postSolution
		SolutionGuid = {54B04E81-EF63-4681-8C2C-1BBA12751BB5}
	EndGlobalSection
EndGlobal
